
Microsoft Visual Studio Solution File, Format Version 12.00
# Visual Studio Version 17
VisualStudioVersion = 17.9.34622.214
MinimumVisualStudioVersion = 10.0.40219.1
Project("{FAE04EC0-301F-11D3-BF4B-00C04F79EFBC}") = "authentification", "authentification\authentification.csproj", "{0F302034-BFDC-4E1C-AABB-445EB350B555}"
EndProject
Global
	GlobalSection(SolutionConfigurationPlatforms) = preSolution
		Debug|Any CPU = Debug|Any CPU
		Release|Any CPU = Release|Any CPU
	EndGlobalSection
	GlobalSection(ProjectConfigurationPlatforms) = postSolution
		{0F302034-BFDC-4E1C-AABB-445EB350B555}.Debug|Any CPU.ActiveCfg = Debug|Any CPU
		{0F302034-BFDC-4E1C-AABB-445EB350B555}.Debug|Any CPU.Build.0 = Debug|Any CPU
		{0F302034-BFDC-4E1C-AABB-445EB350B555}.Release|Any CPU.ActiveCfg = Release|Any CPU
		{0F302034-BFDC-4E1C-AABB-445EB350B555}.Release|Any CPU.Build.0 = Release|Any CPU
	EndGlobalSection
	GlobalSection(SolutionProperties) = preSolution
		HideSolutionNode = FALSE
	EndGlobalSection
	GlobalSection(ExtensibilityGlobals) = postSolution
		SolutionGuid = {4104F4B9-246D-450B-BC1A-0317E604FA1D}
	EndGlobalSection
EndGlobal
